Microsoft Visual Studio Solution File, Format Version 11.00
# Visual C++ Express 2010
Project("{8BC9CEB8-8B4A-11D0-8D11-00A0C91BC942}") = "FLHook", "FLHook.vcxproj", "{FE6EB3C9-DA22-4492-AEC3-068C9553A623}"
EndProject
Project("{8BC9CEB8-8B4A-11D0-8D11-00A0C91BC942}") = "FLHookWString", "..\FLHookWString\FLHookWString.vcxproj", "{85C8DC60-F5AC-4E59-A365-B1E79D4CA113}"
EndProject
Project("{8BC9CEB8-8B4A-11D0-8D11-00A0C91BC942}") = "FLHookStart", "..\FLHookStart\project-vc10\FLHookStart.vcxproj", "{ED5FF769-3D94-4D28-8886-5B026683CCF1}"
EndProject
Global
	GlobalSection(SolutionConfigurationPlatforms) = preSolution
		Debug|Win32 = Debug|Win32
		Release_Custom|Win32 = Release_Custom|Win32
		Release|Win32 = Release|Win32
		ReleaseVersion|Win32 = ReleaseVersion|Win32
	EndGlobalSection
	GlobalSection(ProjectConfigurationPlatforms) = postSolution
		{FE6EB3C9-DA22-4492-AEC3-068C9553A623}.Debug|Win32.ActiveCfg = Debug|Win32
		{FE6EB3C9-DA22-4492-AEC3-068C9553A623}.Debug|Win32.Build.0 = Debug|Win32
		{FE6EB3C9-DA22-4492-AEC3-068C9553A623}.Release_Custom|Win32.ActiveCfg = Release|Win32
		{FE6EB3C9-DA22-4492-AEC3-068C9553A623}.Release_Custom|Win32.Build.0 = Release|Win32
		{FE6EB3C9-DA22-4492-AEC3-068C9553A623}.Release|Win32.ActiveCfg = Release|Win32
		{FE6EB3C9-DA22-4492-AEC3-068C9553A623}.Release|Win32.Build.0 = Release|Win32
		{FE6EB3C9-DA22-4492-AEC3-068C9553A623}.ReleaseVersion|Win32.ActiveCfg = Release|Win32
		{FE6EB3C9-DA22-4492-AEC3-068C9553A623}.ReleaseVersion|Win32.Build.0 = Release|Win32
		{85C8DC60-F5AC-4E59-A365-B1E79D4CA113}.Debug|Win32.ActiveCfg = Debug|Win32
		{85C8DC60-F5AC-4E59-A365-B1E79D4CA113}.Debug|Win32.Build.0 = Debug|Win32
		{85C8DC60-F5AC-4E59-A365-B1E79D4CA113}.Release_Custom|Win32.ActiveCfg = Release|Win32
		{85C8DC60-F5AC-4E59-A365-B1E79D4CA113}.Release_Custom|Win32.Build.0 = Release|Win32
		{85C8DC60-F5AC-4E59-A365-B1E79D4CA113}.Release|Win32.ActiveCfg = Release|Win32
		{85C8DC60-F5AC-4E59-A365-B1E79D4CA113}.Release|Win32.Build.0 = Release|Win32
		{85C8DC60-F5AC-4E59-A365-B1E79D4CA113}.ReleaseVersion|Win32.ActiveCfg = Release|Win32
		{85C8DC60-F5AC-4E59-A365-B1E79D4CA113}.ReleaseVersion|Win32.Build.0 = Release|Win32
		{ED5FF769-3D94-4D28-8886-5B026683CCF1}.Debug|Win32.ActiveCfg = Debug|Win32
		{ED5FF769-3D94-4D28-8886-5B026683CCF1}.Debug|Win32.Build.0 = Debug|Win32
		{ED5FF769-3D94-4D28-8886-5B026683CCF1}.Release_Custom|Win32.ActiveCfg = Release|Win32
		{ED5FF769-3D94-4D28-8886-5B026683CCF1}.Release_Custom|Win32.Build.0 = Release|Win32
		{ED5FF769-3D94-4D28-8886-5B026683CCF1}.Release|Win32.ActiveCfg = Release|Win32
		{ED5FF769-3D94-4D28-8886-5B026683CCF1}.Release|Win32.Build.0 = Release|Win32
		{ED5FF769-3D94-4D28-8886-5B026683CCF1}.ReleaseVersion|Win32.ActiveCfg = Release|Win32
		{ED5FF769-3D94-4D28-8886-5B026683CCF1}.ReleaseVersion|Win32.Build.0 = Release|Win32
	EndGlobalSection
	GlobalSection(SolutionProperties) = preSolution
		HideSolutionNode = FALSE
	EndGlobalSection
EndGlobal
